
Microsoft Visual Studio Solution File, Format Version 12.00
# Visual Studio 15
VisualStudioVersion = 15.0.28307.645
MinimumVisualStudioVersion = 10.0.40219.1
Project("{888888A0-9F3D-457C-B088-3A5042F75D52}") = "RaceESss", "RaceESss\RaceESss.pyproj", "{B4FC9A4E-D3A8-4617-A513-355FF6A39898}"
EndProject
Global
	GlobalSection(SolutionConfigurationPlatforms) = preSolution
		Debug|Any CPU = Debug|Any CPU
		Release|Any CPU = Release|Any CPU
	EndGlobalSection
	GlobalSection(ProjectConfigurationPlatforms) = postSolution
		{B4FC9A4E-D3A8-4617-A513-355FF6A39898}.Debug|Any CPU.ActiveCfg = Debug|Any CPU
		{B4FC9A4E-D3A8-4617-A513-355FF6A39898}.Release|Any CPU.ActiveCfg = Release|Any CPU
	EndGlobalSection
	GlobalSection(SolutionProperties) = preSolution
		HideSolutionNode = FALSE
	EndGlobalSection
	GlobalSection(ExtensibilityGlobals) = postSolution
		SolutionGuid = {1E003E0B-B555-4018-8DC2-79EF4ED56E2C}
	EndGlobalSection
EndGlobal
